# This file is automatically @generated by Cargo.
# It is not intended for manual editing.
version = 4

[[package]]
name = "din0x-github-io"
version = "0.1.0"
dependencies = [
 "gen-html",
 "rust-website-gen",
]

[[package]]
name = "gen-html"
version = "0.3.0"
source = "registry+https://github.com/rust-lang/crates.io-index"
checksum = "605a5c2dadd6f77f630528cc5904b9a85826c1f4acb7e903c2ae6e8e792fb67f"
dependencies = [
 "gen-html-proc",
]

[[package]]
name = "gen-html-proc"
version = "0.3.0"
source = "registry+https://github.com/rust-lang/crates.io-index"
checksum = "666e47ce454e94e0d0d731946291c60cdbec7009e60ee62cbfe09e0c2acb5ae3"
dependencies = [
 "proc-macro2",
 "quote",
 "syn",
]

[[package]]
name = "proc-macro2"
version = "1.0.95"
source = "registry+https://github.com/rust-lang/crates.io-index"
checksum = "02b3e5e68a3a1a02aad3ec490a98007cbc13c37cbe84a3cd7b8e406d76e7f778"
dependencies = [
 "unicode-ident",
]

[[package]]
name = "quote"
version = "1.0.40"
source = "registry+https://github.com/rust-lang/crates.io-index"
checksum = "1885c039570dc00dcb4ff087a89e185fd56bae234ddc7f056a945bf36467248d"
dependencies = [
 "proc-macro2",
]

[[package]]
name = "rust-website-gen"
version = "0.1.0"
source = "git+https://github.com/din0x/rust-website-gen.git#17ef9dd08bcd88059d245574b0239b8261b2584c"

[[package]]
name = "syn"
version = "2.0.104"
source = "registry+https://github.com/rust-lang/crates.io-index"
checksum = "17b6f705963418cdb9927482fa304bc562ece2fdd4f616084c50b7023b435a40"
dependencies = [
 "proc-macro2",
 "quote",
 "unicode-ident",
]

[[package]]
name = "unicode-ident"
version = "1.0.18"
source = "registry+https://github.com/rust-lang/crates.io-index"
checksum = "5a5f39404a5da50712a4c1eecf25e90dd62b613502b7e925fd4e4d19b5c96512"
