# This file is automatically @generated by Cargo.
# It is not intended for manual editing.
version = 4

[[package]]
name = "din0x-github-io"
version = "0.1.0"
dependencies = [
 "gen-html",
 "rust-website-gen",
]

[[package]]
name = "gen-html"
version = "0.3.0"
source = "registry+https://github.com/rust-lang/crates.io-index"
checksum = "605a5c2dadd6f77f630528cc5904b9a85826c1f4acb7e903c2ae6e8e792fb67f"
dependencies = [
 "gen-html-proc",
]

[[package]]
name = "gen-html-proc"
version = "0.3.0"
source = "registry+https://github.com/rust-lang/crates.io-index"
checksum = "666e47ce454e94e0d0d731946291c60cdbec7009e60ee62cbfe09e0c2acb5ae3"
dependencies = [
 "proc-macro2",
 "quote",
 "syn",
]

[[package]]
name = "proc-macro2"
version = "1.0.106"
source = "registry+https://github.com/rust-lang/crates.io-index"
checksum = "8fd00f0bb2e90d81d1044c2b32617f68fcb9fa3bb7640c23e9c748e53fb30934"
dependencies = [
 "unicode-ident",
]

[[package]]
name = "quote"
version = "1.0.44"
source = "registry+https://github.com/rust-lang/crates.io-index"
checksum = "21b2ebcf727b7760c461f091f9f0f539b77b8e87f2fd88131e7f1b433b3cece4"
dependencies = [
 "proc-macro2",
]

[[package]]
name = "rust-website-gen"
version = "0.1.0"
source = "git+https://github.com/din0x/rust-website-gen.git#5d905b2a1585d7eee87f85b594aac1feaa47b2a0"

[[package]]
name = "syn"
version = "2.0.116"
source = "registry+https://github.com/rust-lang/crates.io-index"
checksum = "3df424c70518695237746f84cede799c9c58fcb37450d7b23716568cc8bc69cb"
dependencies = [
 "proc-macro2",
 "quote",
 "unicode-ident",
]

[[package]]
name = "unicode-ident"
version = "1.0.24"
source = "registry+https://github.com/rust-lang/crates.io-index"
checksum = "e6e4313cd5fcd3dad5cafa179702e2b244f760991f45397d14d4ebf38247da75"
